
Microsoft Visual Studio Solution File, Format Version 12.00
# Visual Studio 2013
VisualStudioVersion = 12.0.30501.0
MinimumVisualStudioVersion = 10.0.40219.1
Project("{FAE04EC0-301F-11D3-BF4B-00C04F79EFBC}") = "Kanna_Movies", "Kanna_Movies\Kanna_Movies.csproj", "{91236932-BB4C-4CED-98E6-D8E76ED6FFDE}"
EndProject
Project("{FAE04EC0-301F-11D3-BF4B-00C04F79EFBC}") = "Movie_Info", "Movie_Info\Movie_Info.csproj", "{CC33836F-C230-4897-BEF7-67BCAC858454}"
EndProject
Global
	GlobalSection(SolutionConfigurationPlatforms) = preSolution
		Debug|Any CPU = Debug|Any CPU
		Release|Any CPU = Release|Any CPU
	EndGlobalSection
	GlobalSection(ProjectConfigurationPlatforms) = postSolution
		{91236932-BB4C-4CED-98E6-D8E76ED6FFDE}.Debug|Any CPU.ActiveCfg = Debug|Any CPU
		{91236932-BB4C-4CED-98E6-D8E76ED6FFDE}.Debug|Any CPU.Build.0 = Debug|Any CPU
		{91236932-BB4C-4CED-98E6-D8E76ED6FFDE}.Release|Any CPU.ActiveCfg = Release|Any CPU
		{91236932-BB4C-4CED-98E6-D8E76ED6FFDE}.Release|Any CPU.Build.0 = Release|Any CPU
		{CC33836F-C230-4897-BEF7-67BCAC858454}.Debug|Any CPU.ActiveCfg = Debug|Any CPU
		{CC33836F-C230-4897-BEF7-67BCAC858454}.Debug|Any CPU.Build.0 = Debug|Any CPU
		{CC33836F-C230-4897-BEF7-67BCAC858454}.Release|Any CPU.ActiveCfg = Release|Any CPU
		{CC33836F-C230-4897-BEF7-67BCAC858454}.Release|Any CPU.Build.0 = Release|Any CPU
	EndGlobalSection
	GlobalSection(SolutionProperties) = preSolution
		HideSolutionNode = FALSE
	EndGlobalSection
EndGlobal
